dependencies:
- name: postgresql
  repository: https://charts.bitnami.com/bitnami
  version: 15.5.38
- name: digger-backend
  repository: file://../digger-backend
  version: 0.1.12
- name: statesman
  repository: file://../taco-statesman
  version: 0.1.0
- name: drift
  repository: file://../digger-drift
  version: 0.1.0
- name: ui
  repository: file://../taco-ui
  version: 0.1.0
digest: sha256:cc82ef456f670919d3100e6336abc4a200917cf5ea37bfdbd3285a6d001bf130
generated: "2025-10-17T13:52:03.661873-07:00"
